// !$*UTF8*$!
{
	archiveVersion = 1;
	classes = {
	};
	objectVersion = 77;
	objects = {

/* Begin PBXBuildFile section */
		765183682E843CF0005EE2F7 /* .gitignore in Resources */ = {isa = PBXBuildFile; fileRef = 765183672E843CF0005EE2F7 /* .gitignore */; };
		7651836F2E84420E005EE2F7 /* SnapKit in Frameworks */ = {isa = PBXBuildFile; productRef = 7651836E2E84420E005EE2F7 /* SnapKit */; };
		765183722E844224005EE2F7 /* RxCocoa in Frameworks */ = {isa = PBXBuildFile; productRef = 765183712E844224005EE2F7 /* RxCocoa */; };
		765183742E844224005EE2F7 /* RxSwift in Frameworks */ = {isa = PBXBuildFile; productRef = 765183732E844224005EE2F7 /* RxSwift */; };
		765183772E844241005EE2F7 /* Alamofire in Frameworks */ = {isa = PBXBuildFile; productRef = 765183762E844241005EE2F7 /* Alamofire */; };
		7651837A2E844257005EE2F7 /* Kingfisher in Frameworks */ = {isa = PBXBuildFile; productRef = 765183792E844257005EE2F7 /* Kingfisher */; };
		7651837D2E844260005EE2F7 /* Toast in Frameworks */ = {isa = PBXBuildFile; productRef = 7651837C2E844260005EE2F7 /* Toast */; };
		76BC852D2E86CBA7009EEE9C /* IQKeyboardManagerSwift in Frameworks */ = {isa = PBXBuildFile; productRef = 76BC852C2E86CBA7009EEE9C /* IQKeyboardManagerSwift */; };
		76BE04FF2E9FF93600F80D8A /* FirebaseAnalyticsCore in Frameworks */ = {isa = PBXBuildFile; productRef = 76BE04FE2E9FF93600F80D8A /* FirebaseAnalyticsCore */; };
		76BE05012E9FF93600F80D8A /* FirebaseCrashlytics in Frameworks */ = {isa = PBXBuildFile; productRef = 76BE05002E9FF93600F80D8A /* FirebaseCrashlytics */; };
		76BE05032E9FF93600F80D8A /* FirebaseMessaging in Frameworks */ = {isa = PBXBuildFile; productRef = 76BE05022E9FF93600F80D8A /* FirebaseMessaging */; };
		76BE05052E9FF93600F80D8A /* FirebaseRemoteConfig in Frameworks */ = {isa = PBXBuildFile; productRef = 76BE05042E9FF93600F80D8A /* FirebaseRemoteConfig */; };
		76C9E3762E966239001B37B2 /* RealmSwift in Embed Frameworks */ = {isa = PBXBuildFile; productRef = 76D9D2742E8C11F500B8104A /* RealmSwift */; settings = {ATTRIBUTES = (CodeSignOnCopy, ); }; };
		76D9D2752E8C11F500B8104A /* RealmSwift in Frameworks */ = {isa = PBXBuildFile; productRef = 76D9D2742E8C11F500B8104A /* RealmSwift */; };
		76E1F07B2EA77E640087A4E6 /* FirebaseFirestore in Frameworks */ = {isa = PBXBuildFile; productRef = 76E1F07A2EA77E640087A4E6 /* FirebaseFirestore */; };
/* End PBXBuildFile section */

/* Begin PBXCopyFilesBuildPhase section */
		76C9E3772E966239001B37B2 /* Embed Frameworks */ = {
			isa = PBXCopyFilesBuildPhase;
			buildActionMask = 2147483647;
			dstPath = "";
			dstSubfolderSpec = 10;
			files = (
				76C9E3762E966239001B37B2 /* RealmSwift in Embed Frameworks */,
			);
			name = "Embed Frameworks";
			runOnlyForDeploymentPostprocessing = 0;
		};
/* End PBXCopyFilesBuildPhase section */

/* Begin PBXFileReference section */
		765182CB2E843A75005EE2F7 /* Danogotchi.app */ = {isa = PBXFileReference; explicitFileType = wrapper.application; includeInIndex = 0; path = Danogotchi.app; sourceTree = BUILT_PRODUCTS_DIR; };
		765183672E843CF0005EE2F7 /* .gitignore */ = {isa = PBXFileReference; lastKnownFileType = text; path = .gitignore; sourceTree = "<group>"; };
		76615D062FAE04A1005706B5 /* CLAUDE.md */ = {isa = PBXFileReference; lastKnownFileType = net.daringfireball.markdown; path = CLAUDE.md; sourceTree = "<group>"; };
		76615D072FAE1036005706B5 /* architecture.md */ = {isa = PBXFileReference; lastKnownFileType = net.daringfireball.markdown; path = architecture.md; sourceTree = "<group>"; };
		76615D082FAE1036005706B5 /* conventions.md */ = {isa = PBXFileReference; lastKnownFileType = net.daringfireball.markdown; path = conventions.md; sourceTree = "<group>"; };
		76615D092FAE1036005706B5 /* environment.md */ = {isa = PBXFileReference; lastKnownFileType = net.daringfireball.markdown; path = environment.md; sourceTree = "<group>"; };
		76615D0B2FAE1100005706B5 /* TODO.md */ = {isa = PBXFileReference; lastKnownFileType = net.daringfireball.markdown; path = TODO.md; sourceTree = "<group>"; };
		76615D0C2FAE18CD005706B5 /* migration.md */ = {isa = PBXFileReference; lastKnownFileType = net.daringfireball.markdown; path = migration.md; sourceTree = "<group>"; };
		76AF708B2FC2C67B004FE796 /* AGENTS.md */ = {isa = PBXFileReference; lastKnownFileType = net.daringfireball.markdown; path = AGENTS.md; sourceTree = "<group>"; };
/* End PBXFileReference section */

/* Begin PBXFileSystemSynchronizedBuildFileExceptionSet section */
		765182DD2E843A76005EE2F7 /* Exceptions for "Danogotchi" folder in "Danogotchi" target */ = {
			isa = PBXFileSystemSynchronizedBuildFileExceptionSet;
			membershipExceptions = (
				"Application/Secret/Firebase/Debug/GoogleService-Info.plist",
				"Application/Secret/Firebase/Release/GoogleService-Info.plist",
				Info.plist,
			);
			target = 765182CA2E843A75005EE2F7 /* Danogotchi */;
		};
/* End PBXFileSystemSynchronizedBuildFileExceptionSet section */

/* Begin PBXFileSystemSynchronizedRootGroup section */
		765182CD2E843A75005EE2F7 /* Danogotchi */ = {
			isa = PBXFileSystemSynchronizedRootGroup;
			exceptions = (
				765182DD2E843A76005EE2F7 /* Exceptions for "Danogotchi" folder in "Danogotchi" target */,
			);
			path = Danogotchi;
			sourceTree = "<group>";
		};
/* End PBXFileSystemSynchronizedRootGroup section */

/* Begin PBXFrameworksBuildPhase section */
		765182C82E843A75005EE2F7 /* Frameworks */ = {
			isa = PBXFrameworksBuildPhase;
			buildActionMask = 2147483647;
			files = (
				76D9D2752E8C11F500B8104A /* RealmSwift in Frameworks */,
				76E1F07B2EA77E640087A4E6 /* FirebaseFirestore in Frameworks */,
				76BC852D2E86CBA7009EEE9C /* IQKeyboardManagerSwift in Frameworks */,
				7651837D2E844260005EE2F7 /* Toast in Frameworks */,
				76BE05052E9FF93600F80D8A /* FirebaseRemoteConfig in Frameworks */,
				765183742E844224005EE2F7 /* RxSwift in Frameworks */,
				76BE04FF2E9FF93600F80D8A /* FirebaseAnalyticsCore in Frameworks */,
				765183772E844241005EE2F7 /* Alamofire in Frameworks */,
				765183722E844224005EE2F7 /* RxCocoa in Frameworks */,
				76BE05012E9FF93600F80D8A /* FirebaseCrashlytics in Frameworks */,
				7651836F2E84420E005EE2F7 /* SnapKit in Frameworks */,
				76BE05032E9FF93600F80D8A /* FirebaseMessaging in Frameworks */,
				7651837A2E844257005EE2F7 /* Kingfisher in Frameworks */,
			);
			runOnlyForDeploymentPostprocessing = 0;
		};
/* End PBXFrameworksBuildPhase section */

/* Begin PBXGroup section */
		765182C22E843A75005EE2F7 = {
			isa = PBXGroup;
			children = (
				76AF708B2FC2C67B004FE796 /* AGENTS.md */,
				765183672E843CF0005EE2F7 /* .gitignore */,
				765182CD2E843A75005EE2F7 /* Danogotchi */,
				765182CC2E843A75005EE2F7 /* Products */,
				76615D062FAE04A1005706B5 /* CLAUDE.md */,
				76615D0A2FAE1036005706B5 /* docs */,
				76615D0B2FAE1100005706B5 /* TODO.md */,
				76615D0C2FAE18CD005706B5 /* migration.md */,
			);
			sourceTree = "<group>";
		};
		765182CC2E843A75005EE2F7 /* Products */ = {
			isa = PBXGroup;
			children = (
				765182CB2E843A75005EE2F7 /* Danogotchi.app */,
			);
			name = Products;
			sourceTree = "<group>";
		};
		76615D0A2FAE1036005706B5 /* docs */ = {
			isa = PBXGroup;
			children = (
				76615D072FAE1036005706B5 /* architecture.md */,
				76615D082FAE1036005706B5 /* conventions.md */,
				76615D092FAE1036005706B5 /* environment.md */,
			);
			path = docs;
			sourceTree = "<group>";
		};
/* End PBXGroup section */

/* Begin PBXNativeTarget section */
		765182CA2E843A75005EE2F7 /* Danogotchi */ = {
			isa = PBXNativeTarget;
			buildConfigurationList = 765182DE2E843A76005EE2F7 /* Build configuration list for PBXNativeTarget "Danogotchi" */;
			buildPhases = (
				765182C72E843A75005EE2F7 /* Sources */,
				765182C82E843A75005EE2F7 /* Frameworks */,
				765182C92E843A75005EE2F7 /* Resources */,
				76C9E3772E966239001B37B2 /* Embed Frameworks */,
				76BE05062E9FFC4600F80D8A /* Copy Firebase Config */,
				76BE05C02EA00D3400F80D8A /* ShellScript */,
			);
			buildRules = (
			);
			dependencies = (
			);
			fileSystemSynchronizedGroups = (
				765182CD2E843A75005EE2F7 /* Danogotchi */,
			);
			name = Danogotchi;
			packageProductDependencies = (
				7651836E2E84420E005EE2F7 /* SnapKit */,
				765183712E844224005EE2F7 /* RxCocoa */,
				765183732E844224005EE2F7 /* RxSwift */,
				765183762E844241005EE2F7 /* Alamofire */,
				765183792E844257005EE2F7 /* Kingfisher */,
				7651837C2E844260005EE2F7 /* Toast */,
				76BC852C2E86CBA7009EEE9C /* IQKeyboardManagerSwift */,
				76D9D2742E8C11F500B8104A /* RealmSwift */,
				76BE04FE2E9FF93600F80D8A /* FirebaseAnalyticsCore */,
				76BE05002E9FF93600F80D8A /* FirebaseCrashlytics */,
				76BE05022E9FF93600F80D8A /* FirebaseMessaging */,
				76BE05042E9FF93600F80D8A /* FirebaseRemoteConfig */,
				76E1F07A2EA77E640087A4E6 /* FirebaseFirestore */,
			);
			productName = Danogotchi;
			productReference = 765182CB2E843A75005EE2F7 /* Danogotchi.app */;
			productType = "com.apple.product-type.application";
		};
/* End PBXNativeTarget section */

/* Begin PBXProject section */
		765182C32E843A75005EE2F7 /* Project object */ = {
			isa = PBXProject;
			attributes = {
				BuildIndependentTargetsInParallel = 1;
				LastSwiftUpdateCheck = 1640;
				LastUpgradeCheck = 1640;
				TargetAttributes = {
					765182CA2E843A75005EE2F7 = {
						CreatedOnToolsVersion = 16.4;
					};
				};
			};
			buildConfigurationList = 765182C62E843A75005EE2F7 /* Build configuration list for PBXProject "Danogotchi" */;
			developmentRegion = en;
			hasScannedForEncodings = 0;
			knownRegions = (
				en,
				Base,
			);
			mainGroup = 765182C22E843A75005EE2F7;
			minimizedProjectReferenceProxies = 1;
			packageReferences = (
				7651836D2E84420E005EE2F7 /* XCRemoteSwiftPackageReference "SnapKit" */,
				765183702E844224005EE2F7 /* XCRemoteSwiftPackageReference "RxSwift" */,
				765183752E844241005EE2F7 /* XCRemoteSwiftPackageReference "Alamofire" */,
				765183782E844257005EE2F7 /* XCRemoteSwiftPackageReference "Kingfisher" */,
				7651837B2E844260005EE2F7 /* XCRemoteSwiftPackageReference "Toast-Swift" */,
				76BC852B2E86CBA7009EEE9C /* XCRemoteSwiftPackageReference "IQKeyboardManager" */,
				76D9D2732E8C11F500B8104A /* XCRemoteSwiftPackageReference "realm-swift" */,
				76BE04FD2E9FF93600F80D8A /* XCRemoteSwiftPackageReference "firebase-ios-sdk" */,
			);
			preferredProjectObjectVersion = 77;
			productRefGroup = 765182CC2E843A75005EE2F7 /* Products */;
			projectDirPath = "";
			projectRoot = "";
			targets = (
				765182CA2E843A75005EE2F7 /* Danogotchi */,
			);
		};
/* End PBXProject section */

/* Begin PBXResourcesBuildPhase section */
		765182C92E843A75005EE2F7 /* Resources */ = {
			isa = PBXResourcesBuildPhase;
			buildActionMask = 2147483647;
			files = (
				765183682E843CF0005EE2F7 /* .gitignore in Resources */,
			);
			runOnlyForDeploymentPostprocessing = 0;
		};
/* End PBXResourcesBuildPhase section */

/* Begin PBXShellScriptBuildPhase section */
		76BE05062E9FFC4600F80D8A /* Copy Firebase Config */ = {
			isa = PBXShellScriptBuildPhase;
			buildActionMask = 2147483647;
			files = (
			);
			inputFileListPaths = (
			);
			inputPaths = (
				"$(PROJECT_DIR)/Danogotchi/Application/Secret/Firebase/Debug/GoogleService-Info.plist",
				"$(PROJECT_DIR)/Danogotchi/Application/Secret/Firebase/Release/GoogleService-Info.plist",
			);
			name = "Copy Firebase Config";
			outputFileListPaths = (
			);
			outputPaths = (
				"$(TARGET_BUILD_DIR)/$(UNLOCALIZED_RESOURCES_FOLDER_PATH)/GoogleService-Info.plist",
			);
			runOnlyForDeploymentPostprocessing = 0;
			shellPath = /bin/sh;
			shellScript = "\nset -eu\nset -x\n\ncase \"${CONFIGURATION}\" in\n  *Debug*)  SRC=\"${PROJECT_DIR}/${PROJECT_NAME}/Application/Secret/Firebase/Debug/GoogleService-Info.plist\" ;;\n  *)        SRC=\"${PROJECT_DIR}/${PROJECT_NAME}/Application/Secret/Firebase/Release/GoogleService-Info.plist\" ;;\nesac\n\nif [ ! -r \"$SRC\" ]; then\n  echo \"Source not readable: $SRC\"\n  exit 2\nfi\n\nDEST=\"${TARGET_BUILD_DIR}/${UNLOCALIZED_RESOURCES_FOLDER_PATH}/GoogleService-Info.plist\"\nmkdir -p \"$(dirname \"$DEST\")\"\ncp -f \"$SRC\" \"$DEST\"\necho \"Using: $SRC\"\necho \"Placed: $DEST\"\n";
		};
		76BE05C02EA00D3400F80D8A /* ShellScript */ = {
			isa = PBXShellScriptBuildPhase;
			buildActionMask = 2147483647;
			files = (
			);
			inputFileListPaths = (
			);
			inputPaths = (
				"$(SRCROOT)/Danogotchi/Application/Secret/Firebase/$(CONFIGURATION)/GoogleService-Info.plist",
				"${DWARF_DSYM_FOLDER_PATH}/${DWARF_DSYM_FILE_NAME}\n\n\n👍️\n\n✅️\n\n👀️\n\n\n\n${DWARF_DSYM_FOLDER_PATH}/${DWARF_DSYM_FILE_NAME}\n\n\n👍️\n\n✅️\n\n👀️\n\n\n\n${DWARF_DSYM_FOLDER_PATH}/${DWARF_DSYM_FILE_NAME}",
			);
			outputFileListPaths = (
			);
			outputPaths = (
				"$(DERIVED_FILE_DIR)/crashlytics-upload.stamp",
			);
			runOnlyForDeploymentPostprocessing = 0;
			shellPath = /bin/sh;
			shellScript = "\"${BUILD_DIR%Build/*}\"/SourcePackages/checkouts/firebase-ios-sdk/Crashlytics/run \\\n  -gsp \"${PROJECT_DIR}/Danogotchi/Application/Secret/Firebase/${CONFIGURATION}/GoogleService-Info.plist\"\n";
		};
/* End PBXShellScriptBuildPhase section */

/* Begin PBXSourcesBuildPhase section */
		765182C72E843A75005EE2F7 /* Sources */ = {
			isa = PBXSourcesBuildPhase;
			buildActionMask = 2147483647;
			files = (
			);
			runOnlyForDeploymentPostprocessing = 0;
		};
/* End PBXSourcesBuildPhase section */

/* Begin XCBuildConfiguration section */
		765182DF2E843A76005EE2F7 /* Debug */ = {
			isa = XCBuildConfiguration;
			baseConfigurationReferenceAnchor = 765182CD2E843A75005EE2F7 /* Danogotchi */;
			baseConfigurationReferenceRelativePath = Application/Secret/Secrets.xcconfig;
			buildSettings = {
				ASSETCATALOG_COMPILER_APPICON_NAME = AppIcon;
				ASSETCATALOG_COMPILER_GLOBAL_ACCENT_COLOR_NAME = AccentColor;
				CODE_SIGN_ENTITLEMENTS = Danogotchi/DanogotchiDebug.entitlements;
				CODE_SIGN_STYLE = Automatic;
				CURRENT_PROJECT_VERSION = 1;
				DEVELOPMENT_TEAM = HVS8D6M24R;
				GENERATE_INFOPLIST_FILE = YES;
				INFOPLIST_FILE = Danogotchi/Info.plist;
				INFOPLIST_KEY_CFBundleDisplayName = "단어고치[DEV]";
				INFOPLIST_KEY_LSApplicationCategoryType = "public.app-category.lifestyle";
				INFOPLIST_KEY_UIApplicationSupportsIndirectInputEvents = YES;
				INFOPLIST_KEY_UILaunchStoryboardName = LaunchScreen;
				INFOPLIST_KEY_UISupportedInterfaceOrientations = UIInterfaceOrientationPortrait;
				INFOPLIST_KEY_UISupportedInterfaceOrientations_iPhone = "";
				INFOPLIST_KEY_UIUserInterfaceStyle = Light;
				IPHONEOS_DEPLOYMENT_TARGET = 16.0;
				LD_RUNPATH_SEARCH_PATHS = (
					"$(inherited)",
					"@executable_path/Frameworks",
				);
				MARKETING_VERSION = 1.2.3;
				OTHER_LDFLAGS = "-Objc";
				PRODUCT_BUNDLE_IDENTIFIER = "com.maekie.Danogotchi$(APP_BUNDLE_ID_SUFFIX)";
				PRODUCT_NAME = "$(TARGET_NAME)";
				SUPPORTED_PLATFORMS = "iphoneos iphonesimulator";
				SUPPORTS_MACCATALYST = NO;
				SUPPORTS_MAC_DESIGNED_FOR_IPHONE_IPAD = NO;
				SUPPORTS_XR_DESIGNED_FOR_IPHONE_IPAD = NO;
				SWIFT_EMIT_LOC_STRINGS = YES;
				SWIFT_VERSION = 5.0;
				TARGETED_DEVICE_FAMILY = 1;
			};
			name = Debug;
		};
		765182E02E843A76005EE2F7 /* Release */ = {
			isa = XCBuildConfiguration;
			baseConfigurationReferenceAnchor = 765182CD2E843A75005EE2F7 /* Danogotchi */;
			baseConfigurationReferenceRelativePath = Application/Secret/Secrets.xcconfig;
			buildSettings = {
				ASSETCATALOG_COMPILER_APPICON_NAME = AppIcon;
				ASSETCATALOG_COMPILER_GLOBAL_ACCENT_COLOR_NAME = AccentColor;
				CODE_SIGN_ENTITLEMENTS = Danogotchi/DanogotchiRelease.entitlements;
				CODE_SIGN_STYLE = Automatic;
				CURRENT_PROJECT_VERSION = 1;
				DEVELOPMENT_TEAM = HVS8D6M24R;
				GENERATE_INFOPLIST_FILE = YES;
				INFOPLIST_FILE = Danogotchi/Info.plist;
				INFOPLIST_KEY_CFBundleDisplayName = "단어고치";
				"INFOPLIST_KEY_CFBundleDisplayName[sdk=*]" = "$(APP_DISPLAY_NAME)";
				INFOPLIST_KEY_LSApplicationCategoryType = "public.app-category.lifestyle";
				INFOPLIST_KEY_UIApplicationSupportsIndirectInputEvents = YES;
				INFOPLIST_KEY_UILaunchStoryboardName = LaunchScreen;
				INFOPLIST_KEY_UISupportedInterfaceOrientations = UIInterfaceOrientationPortrait;
				INFOPLIST_KEY_UISupportedInterfaceOrientations_iPhone = "";
				INFOPLIST_KEY_UIUserInterfaceStyle = Light;
				IPHONEOS_DEPLOYMENT_TARGET = 16.0;
				LD_RUNPATH_SEARCH_PATHS = (
					"$(inherited)",
					"@executable_path/Frameworks",
				);
				MARKETING_VERSION = 1.2.3;
				OTHER_LDFLAGS = "-Objc";
				PRODUCT_BUNDLE_IDENTIFIER = "com.maekie.Danogotchi$(APP_BUNDLE_ID_SUFFIX)";
				PRODUCT_NAME = "$(TARGET_NAME)";
				SUPPORTED_PLATFORMS = "iphoneos iphonesimulator";
				SUPPORTS_MACCATALYST = NO;
				SUPPORTS_MAC_DESIGNED_FOR_IPHONE_IPAD = NO;
				SUPPORTS_XR_DESIGNED_FOR_IPHONE_IPAD = NO;
				SWIFT_EMIT_LOC_STRINGS = YES;
				SWIFT_VERSION = 5.0;
				TARGETED_DEVICE_FAMILY = 1;
			};
			name = Release;
		};
		765182E12E843A76005EE2F7 /* Debug */ = {
			isa = XCBuildConfiguration;
			baseConfigurationReferenceAnchor = 765182CD2E843A75005EE2F7 /* Danogotchi */;
			baseConfigurationReferenceRelativePath = Application/Secret/Secrets.xcconfig;
			buildSettings = {
				ALWAYS_SEARCH_USER_PATHS = NO;
				APP_BUNDLE_ID_SUFFIX = .dev;
				APP_DISPLAY_NAME = "단어고치[DEV]";
				ASSETCATALOG_COMPILER_GENERATE_SWIFT_ASSET_SYMBOL_EXTENSIONS = YES;
				CLANG_ANALYZER_NONNULL = YES;
				CLANG_ANALYZER_NUMBER_OBJECT_CONVERSION = YES_AGGRESSIVE;
				CLANG_CXX_LANGUAGE_STANDARD = "gnu++20";
				CLANG_ENABLE_MODULES = YES;
				CLANG_ENABLE_OBJC_ARC = YES;
				CLANG_ENABLE_OBJC_WEAK = YES;
				CLANG_WARN_BLOCK_CAPTURE_AUTORELEASING = YES;
				CLANG_WARN_BOOL_CONVERSION = YES;
				CLANG_WARN_COMMA = YES;
				CLANG_WARN_CONSTANT_CONVERSION = YES;
				CLANG_WARN_DEPRECATED_OBJC_IMPLEMENTATIONS = YES;
				CLANG_WARN_DIRECT_OBJC_ISA_USAGE = YES_ERROR;
				CLANG_WARN_DOCUMENTATION_COMMENTS = YES;
				CLANG_WARN_EMPTY_BODY = YES;
				CLANG_WARN_ENUM_CONVERSION = YES;
				CLANG_WARN_INFINITE_RECURSION = YES;
				CLANG_WARN_INT_CONVERSION = YES;
				CLANG_WARN_NON_LITERAL_NULL_CONVERSION = YES;
				CLANG_WARN_OBJC_IMPLICIT_RETAIN_SELF = YES;
				CLANG_WARN_OBJC_LITERAL_CONVERSION = YES;
				CLANG_WARN_OBJC_ROOT_CLASS = YES_ERROR;
				CLANG_WARN_QUOTED_INCLUDE_IN_FRAMEWORK_HEADER = YES;
				CLANG_WARN_RANGE_LOOP_ANALYSIS = YES;
				CLANG_WARN_STRICT_PROTOTYPES = YES;
				CLANG_WARN_SUSPICIOUS_MOVE = YES;
				CLANG_WARN_UNGUARDED_AVAILABILITY = YES_AGGRESSIVE;
				CLANG_WARN_UNREACHABLE_CODE = YES;
				CLANG_WARN__DUPLICATE_METHOD_MATCH = YES;
				COPY_PHASE_STRIP = NO;
				DEBUG_INFORMATION_FORMAT = dwarf;
				ENABLE_STRICT_OBJC_MSGSEND = YES;
				ENABLE_TESTABILITY = YES;
				ENABLE_USER_SCRIPT_SANDBOXING = YES;
				GCC_C_LANGUAGE_STANDARD = gnu17;
				GCC_DYNAMIC_NO_PIC = NO;
				GCC_NO_COMMON_BLOCKS = YES;
				GCC_OPTIMIZATION_LEVEL = 0;
				GCC_PREPROCESSOR_DEFINITIONS = (
					"DEBUG=1",
					"$(inherited)",
				);
				GCC_WARN_64_TO_32_BIT_CONVERSION = YES;
				GCC_WARN_ABOUT_RETURN_TYPE = YES_ERROR;
				GCC_WARN_UNDECLARED_SELECTOR = YES;
				GCC_WARN_UNINITIALIZED_AUTOS = YES_AGGRESSIVE;
				GCC_WARN_UNUSED_FUNCTION = YES;
				GCC_WARN_UNUSED_VARIABLE = YES;
				IPHONEOS_DEPLOYMENT_TARGET = 18.5;
				LOCALIZATION_PREFERS_STRING_CATALOGS = YES;
				MTL_ENABLE_DEBUG_INFO = INCLUDE_SOURCE;
				MTL_FAST_MATH = YES;
				ONLY_ACTIVE_ARCH = YES;
				SDKROOT = iphoneos;
				SWIFT_ACTIVE_COMPILATION_CONDITIONS = "DEBUG $(inherited)";
				SWIFT_OPTIMIZATION_LEVEL = "-Onone";
			};
			name = Debug;
		};
		765182E22E843A76005EE2F7 /* Release */ = {
			isa = XCBuildConfiguration;
			baseConfigurationReferenceAnchor = 765182CD2E843A75005EE2F7 /* Danogotchi */;
			baseConfigurationReferenceRelativePath = Application/Secret/Secrets.xcconfig;
			buildSettings = {
				ALWAYS_SEARCH_USER_PATHS = NO;
				APP_BUNDLE_ID_SUFFIX = "";
				APP_DISPLAY_NAME = "단어고치";
				ASSETCATALOG_COMPILER_GENERATE_SWIFT_ASSET_SYMBOL_EXTENSIONS = YES;
				CLANG_ANALYZER_NONNULL = YES;
				CLANG_ANALYZER_NUMBER_OBJECT_CONVERSION = YES_AGGRESSIVE;
				CLANG_CXX_LANGUAGE_STANDARD = "gnu++20";
				CLANG_ENABLE_MODULES = YES;
				CLANG_ENABLE_OBJC_ARC = YES;
				CLANG_ENABLE_OBJC_WEAK = YES;
				CLANG_WARN_BLOCK_CAPTURE_AUTORELEASING = YES;
				CLANG_WARN_BOOL_CONVERSION = YES;
				CLANG_WARN_COMMA = YES;
				CLANG_WARN_CONSTANT_CONVERSION = YES;
				CLANG_WARN_DEPRECATED_OBJC_IMPLEMENTATIONS = YES;
				CLANG_WARN_DIRECT_OBJC_ISA_USAGE = YES_ERROR;
				CLANG_WARN_DOCUMENTATION_COMMENTS = YES;
				CLANG_WARN_EMPTY_BODY = YES;
				CLANG_WARN_ENUM_CONVERSION = YES;
				CLANG_WARN_INFINITE_RECURSION = YES;
				CLANG_WARN_INT_CONVERSION = YES;
				CLANG_WARN_NON_LITERAL_NULL_CONVERSION = YES;
				CLANG_WARN_OBJC_IMPLICIT_RETAIN_SELF = YES;
				CLANG_WARN_OBJC_LITERAL_CONVERSION = YES;
				CLANG_WARN_OBJC_ROOT_CLASS = YES_ERROR;
				CLANG_WARN_QUOTED_INCLUDE_IN_FRAMEWORK_HEADER = YES;
				CLANG_WARN_RANGE_LOOP_ANALYSIS = YES;
				CLANG_WARN_STRICT_PROTOTYPES = YES;
				CLANG_WARN_SUSPICIOUS_MOVE = YES;
				CLANG_WARN_UNGUARDED_AVAILABILITY = YES_AGGRESSIVE;
				CLANG_WARN_UNREACHABLE_CODE = YES;
				CLANG_WARN__DUPLICATE_METHOD_MATCH = YES;
				COPY_PHASE_STRIP = NO;
				DEBUG_INFORMATION_FORMAT = "dwarf-with-dsym";
				ENABLE_NS_ASSERTIONS = NO;
				ENABLE_STRICT_OBJC_MSGSEND = YES;
				ENABLE_USER_SCRIPT_SANDBOXING = YES;
				GCC_C_LANGUAGE_STANDARD = gnu17;
				GCC_NO_COMMON_BLOCKS = YES;
				GCC_WARN_64_TO_32_BIT_CONVERSION = YES;
				GCC_WARN_ABOUT_RETURN_TYPE = YES_ERROR;
				GCC_WARN_UNDECLARED_SELECTOR = YES;
				GCC_WARN_UNINITIALIZED_AUTOS = YES_AGGRESSIVE;
				GCC_WARN_UNUSED_FUNCTION = YES;
				GCC_WARN_UNUSED_VARIABLE = YES;
				IPHONEOS_DEPLOYMENT_TARGET = 18.5;
				LOCALIZATION_PREFERS_STRING_CATALOGS = YES;
				MTL_ENABLE_DEBUG_INFO = NO;
				MTL_FAST_MATH = YES;
				SDKROOT = iphoneos;
				SWIFT_COMPILATION_MODE = wholemodule;
				VALIDATE_PRODUCT = YES;
			};
			name = Release;
		};
/* End XCBuildConfiguration section */

/* Begin XCConfigurationList section */
		765182C62E843A75005EE2F7 /* Build configuration list for PBXProject "Danogotchi" */ = {
			isa = XCConfigurationList;
			buildConfigurations = (
				765182E12E843A76005EE2F7 /* Debug */,
				765182E22E843A76005EE2F7 /* Release */,
			);
			defaultConfigurationIsVisible = 0;
			defaultConfigurationName = Release;
		};
		765182DE2E843A76005EE2F7 /* Build configuration list for PBXNativeTarget "Danogotchi" */ = {
			isa = XCConfigurationList;
			buildConfigurations = (
				765182DF2E843A76005EE2F7 /* Debug */,
				765182E02E843A76005EE2F7 /* Release */,
			);
			defaultConfigurationIsVisible = 0;
			defaultConfigurationName = Release;
		};
/* End XCConfigurationList section */

/* Begin XCRemoteSwiftPackageReference section */
		7651836D2E84420E005EE2F7 /* XCRemoteSwiftPackageReference "SnapKit" */ = {
			isa = XCRemoteSwiftPackageReference;
			repositoryURL = "https://github.com/SnapKit/SnapKit.git";
			requirement = {
				kind = upToNextMajorVersion;
				minimumVersion = 5.7.1;
			};
		};
		765183702E844224005EE2F7 /* XCRemoteSwiftPackageReference "RxSwift" */ = {
			isa = XCRemoteSwiftPackageReference;
			repositoryURL = "https://github.com/ReactiveX/RxSwift.git";
			requirement = {
				kind = upToNextMajorVersion;
				minimumVersion = 6.9.0;
			};
		};
		765183752E844241005EE2F7 /* XCRemoteSwiftPackageReference "Alamofire" */ = {
			isa = XCRemoteSwiftPackageReference;
			repositoryURL = "https://github.com/Alamofire/Alamofire.git";
			requirement = {
				kind = upToNextMajorVersion;
				minimumVersion = 5.10.2;
			};
		};
		765183782E844257005EE2F7 /* XCRemoteSwiftPackageReference "Kingfisher" */ = {
			isa = XCRemoteSwiftPackageReference;
			repositoryURL = "https://github.com/onevcat/Kingfisher.git";
			requirement = {
				kind = upToNextMajorVersion;
				minimumVersion = 8.5.0;
			};
		};
		7651837B2E844260005EE2F7 /* XCRemoteSwiftPackageReference "Toast-Swift" */ = {
			isa = XCRemoteSwiftPackageReference;
			repositoryURL = "https://github.com/scalessec/Toast-Swift.git";
			requirement = {
				kind = upToNextMajorVersion;
				minimumVersion = 5.1.1;
			};
		};
		76BC852B2E86CBA7009EEE9C /* XCRemoteSwiftPackageReference "IQKeyboardManager" */ = {
			isa = XCRemoteSwiftPackageReference;
			repositoryURL = "https://github.com/hackiftekhar/IQKeyboardManager.git";
			requirement = {
				kind = upToNextMajorVersion;
				minimumVersion = 8.0.1;
			};
		};
		76BE04FD2E9FF93600F80D8A /* XCRemoteSwiftPackageReference "firebase-ios-sdk" */ = {
			isa = XCRemoteSwiftPackageReference;
			repositoryURL = "https://github.com/firebase/firebase-ios-sdk.git";
			requirement = {
				kind = upToNextMajorVersion;
				minimumVersion = 12.4.0;
			};
		};
		76D9D2732E8C11F500B8104A /* XCRemoteSwiftPackageReference "realm-swift" */ = {
			isa = XCRemoteSwiftPackageReference;
			repositoryURL = "https://github.com/realm/realm-swift.git";
			requirement = {
				kind = upToNextMajorVersion;
				minimumVersion = 20.0.4;
			};
		};
/* End XCRemoteSwiftPackageReference section */

/* Begin XCSwiftPackageProductDependency section */
		7651836E2E84420E005EE2F7 /* SnapKit */ = {
			isa = XCSwiftPackageProductDependency;
			package = 7651836D2E84420E005EE2F7 /* XCRemoteSwiftPackageReference "SnapKit" */;
			productName = SnapKit;
		};
		765183712E844224005EE2F7 /* RxCocoa */ = {
			isa = XCSwiftPackageProductDependency;
			package = 765183702E844224005EE2F7 /* XCRemoteSwiftPackageReference "RxSwift" */;
			productName = RxCocoa;
		};
		765183732E844224005EE2F7 /* RxSwift */ = {
			isa = XCSwiftPackageProductDependency;
			package = 765183702E844224005EE2F7 /* XCRemoteSwiftPackageReference "RxSwift" */;
			productName = RxSwift;
		};
		765183762E844241005EE2F7 /* Alamofire */ = {
			isa = XCSwiftPackageProductDependency;
			package = 765183752E844241005EE2F7 /* XCRemoteSwiftPackageReference "Alamofire" */;
			productName = Alamofire;
		};
		765183792E844257005EE2F7 /* Kingfisher */ = {
			isa = XCSwiftPackageProductDependency;
			package = 765183782E844257005EE2F7 /* XCRemoteSwiftPackageReference "Kingfisher" */;
			productName = Kingfisher;
		};
		7651837C2E844260005EE2F7 /* Toast */ = {
			isa = XCSwiftPackageProductDependency;
			package = 7651837B2E844260005EE2F7 /* XCRemoteSwiftPackageReference "Toast-Swift" */;
			productName = Toast;
		};
		76BC852C2E86CBA7009EEE9C /* IQKeyboardManagerSwift */ = {
			isa = XCSwiftPackageProductDependency;
			package = 76BC852B2E86CBA7009EEE9C /* XCRemoteSwiftPackageReference "IQKeyboardManager" */;
			productName = IQKeyboardManagerSwift;
		};
		76BE04FE2E9FF93600F80D8A /* FirebaseAnalyticsCore */ = {
			isa = XCSwiftPackageProductDependency;
			package = 76BE04FD2E9FF93600F80D8A /* XCRemoteSwiftPackageReference "firebase-ios-sdk" */;
			productName = FirebaseAnalyticsCore;
		};
		76BE05002E9FF93600F80D8A /* FirebaseCrashlytics */ = {
			isa = XCSwiftPackageProductDependency;
			package = 76BE04FD2E9FF93600F80D8A /* XCRemoteSwiftPackageReference "firebase-ios-sdk" */;
			productName = FirebaseCrashlytics;
		};
		76BE05022E9FF93600F80D8A /* FirebaseMessaging */ = {
			isa = XCSwiftPackageProductDependency;
			package = 76BE04FD2E9FF93600F80D8A /* XCRemoteSwiftPackageReference "firebase-ios-sdk" */;
			productName = FirebaseMessaging;
		};
		76BE05042E9FF93600F80D8A /* FirebaseRemoteConfig */ = {
			isa = XCSwiftPackageProductDependency;
			package = 76BE04FD2E9FF93600F80D8A /* XCRemoteSwiftPackageReference "firebase-ios-sdk" */;
			productName = FirebaseRemoteConfig;
		};
		76D9D2742E8C11F500B8104A /* RealmSwift */ = {
			isa = XCSwiftPackageProductDependency;
			package = 76D9D2732E8C11F500B8104A /* XCRemoteSwiftPackageReference "realm-swift" */;
			productName = RealmSwift;
		};
		76E1F07A2EA77E640087A4E6 /* FirebaseFirestore */ = {
			isa = XCSwiftPackageProductDependency;
			package = 76BE04FD2E9FF93600F80D8A /* XCRemoteSwiftPackageReference "firebase-ios-sdk" */;
			productName = FirebaseFirestore;
		};
/* End XCSwiftPackageProductDependency section */
	};
	rootObject = 765182C32E843A75005EE2F7 /* Project object */;
}
